
Microsoft Visual Studio Solution File, Format Version 12.00
# Visual Studio Version 16
VisualStudioVersion = 16.0.31702.278
MinimumVisualStudioVersion = 10.0.40219.1
Project("{FAE04EC0-301F-11D3-BF4B-00C04F79EFBC}") = "Entities", "Entities\Entities.csproj", "{2702343F-A08E-4976-83D2-4B7ABD9B15CC}"
EndProject
Project("{FAE04EC0-301F-11D3-BF4B-00C04F79EFBC}") = "DataAccess", "DataAccess\DataAccess.csproj", "{EFEA179A-E038-4F61-B416-E2E037C0C988}"
EndProject
Project("{FAE04EC0-301F-11D3-BF4B-00C04F79EFBC}") = "Core", "Core\Core.csproj", "{B69A9898-CE30-47A9-9E45-8C62F3E1F459}"
EndProject
Project("{FAE04EC0-301F-11D3-BF4B-00C04F79EFBC}") = "Business", "Business\Business.csproj", "{79CA2B89-842B-4F7A-9E9F-36294EDA354B}"
EndProject
Project("{FAE04EC0-301F-11D3-BF4B-00C04F79EFBC}") = "WebUI", "WebUI\WebUI.csproj", "{551ACED1-48F9-4FE2-81A0-B901C59DAA03}"
EndProject
Global
	GlobalSection(SolutionConfigurationPlatforms) = preSolution
		Debug|Any CPU = Debug|Any CPU
		Release|Any CPU = Release|Any CPU
	EndGlobalSection
	GlobalSection(ProjectConfigurationPlatforms) = postSolution
		{2702343F-A08E-4976-83D2-4B7ABD9B15CC}.Debug|Any CPU.ActiveCfg = Debug|Any CPU
		{2702343F-A08E-4976-83D2-4B7ABD9B15CC}.Debug|Any CPU.Build.0 = Debug|Any CPU
		{2702343F-A08E-4976-83D2-4B7ABD9B15CC}.Release|Any CPU.ActiveCfg = Release|Any CPU
		{2702343F-A08E-4976-83D2-4B7ABD9B15CC}.Release|Any CPU.Build.0 = Release|Any CPU
		{EFEA179A-E038-4F61-B416-E2E037C0C988}.Debug|Any CPU.ActiveCfg = Debug|Any CPU
		{EFEA179A-E038-4F61-B416-E2E037C0C988}.Debug|Any CPU.Build.0 = Debug|Any CPU
		{EFEA179A-E038-4F61-B416-E2E037C0C988}.Release|Any CPU.ActiveCfg = Release|Any CPU
		{EFEA179A-E038-4F61-B416-E2E037C0C988}.Release|Any CPU.Build.0 = Release|Any CPU
		{B69A9898-CE30-47A9-9E45-8C62F3E1F459}.Debug|Any CPU.ActiveCfg = Debug|Any CPU
		{B69A9898-CE30-47A9-9E45-8C62F3E1F459}.Debug|Any CPU.Build.0 = Debug|Any CPU
		{B69A9898-CE30-47A9-9E45-8C62F3E1F459}.Release|Any CPU.ActiveCfg = Release|Any CPU
		{B69A9898-CE30-47A9-9E45-8C62F3E1F459}.Release|Any CPU.Build.0 = Release|Any CPU
		{79CA2B89-842B-4F7A-9E9F-36294EDA354B}.Debug|Any CPU.ActiveCfg = Debug|Any CPU
		{79CA2B89-842B-4F7A-9E9F-36294EDA354B}.Debug|Any CPU.Build.0 = Debug|Any CPU
		{79CA2B89-842B-4F7A-9E9F-36294EDA354B}.Release|Any CPU.ActiveCfg = Release|Any CPU
		{79CA2B89-842B-4F7A-9E9F-36294EDA354B}.Release|Any CPU.Build.0 = Release|Any CPU
		{551ACED1-48F9-4FE2-81A0-B901C59DAA03}.Debug|Any CPU.ActiveCfg = Debug|Any CPU
		{551ACED1-48F9-4FE2-81A0-B901C59DAA03}.Debug|Any CPU.Build.0 = Debug|Any CPU
		{551ACED1-48F9-4FE2-81A0-B901C59DAA03}.Release|Any CPU.ActiveCfg = Release|Any CPU
		{551ACED1-48F9-4FE2-81A0-B901C59DAA03}.Release|Any CPU.Build.0 = Release|Any CPU
	EndGlobalSection
	GlobalSection(SolutionProperties) = preSolution
		HideSolutionNode = FALSE
	EndGlobalSection
	GlobalSection(ExtensibilityGlobals) = postSolution
		SolutionGuid = {759F938C-4D1E-4276-A6BB-7F681C1EF283}
	EndGlobalSection
EndGlobal
